
Microsoft Visual Studio Solution File, Format Version 12.00
# Visual Studio Version 17
VisualStudioVersion = 17.5.33516.290
MinimumVisualStudioVersion = 10.0.40219.1
Project("{FAE04EC0-301F-11D3-BF4B-00C04F79EFBC}") = "WpfApp1", "WpfApp1.csproj", "{B48E5146-5D96-476C-BF19-4807770AEF9E}"
EndProject
Global
	GlobalSection(SolutionConfigurationPlatforms) = preSolution
		Debug|Any CPU = Debug|Any CPU
		Release|Any CPU = Release|Any CPU
	EndGlobalSection
	GlobalSection(ProjectConfigurationPlatforms) = postSolution
		{B48E5146-5D96-476C-BF19-4807770AEF9E}.Debug|Any CPU.ActiveCfg = Debug|Any CPU
		{B48E5146-5D96-476C-BF19-4807770AEF9E}.Debug|Any CPU.Build.0 = Debug|Any CPU
		{B48E5146-5D96-476C-BF19-4807770AEF9E}.Release|Any CPU.ActiveCfg = Release|Any CPU
		{B48E5146-5D96-476C-BF19-4807770AEF9E}.Release|Any CPU.Build.0 = Release|Any CPU
	EndGlobalSection
	GlobalSection(SolutionProperties) = preSolution
		HideSolutionNode = FALSE
	EndGlobalSection
	GlobalSection(ExtensibilityGlobals) = postSolution
		SolutionGuid = {A3C519FF-38E2-490A-858F-4E8D3E89A2A5}
	EndGlobalSection
EndGlobal
